// !$*UTF8*$!
{
	archiveVersion = 1;
	classes = {
	};
	objectVersion = 55;
	objects = {

/* Begin PBXBuildFile section */
		0B0AF3D135214EE6465C99BF /* Pods_sense_ios__iOS_.framework in Frameworks */ = {isa = PBXBuildFile; fileRef = 3EE9604D7810BF9D324486CB /* Pods_sense_ios__iOS_.framework */; };
		71C22B1627CE815700B26E55 /* sense_iosApp.swift in Sources */ = {isa = PBXBuildFile; fileRef = 71C22B0627CE815600B26E55 /* sense_iosApp.swift */; };
		71C22B1727CE815700B26E55 /* sense_iosApp.swift in Sources */ = {isa = PBXBuildFile; fileRef = 71C22B0627CE815600B26E55 /* sense_iosApp.swift */; };
		71C22B1827CE815700B26E55 /* ContentView.swift in Sources */ = {isa = PBXBuildFile; fileRef = 71C22B0727CE815600B26E55 /* ContentView.swift */; };
		71C22B1927CE815700B26E55 /* ContentView.swift in Sources */ = {isa = PBXBuildFile; fileRef = 71C22B0727CE815600B26E55 /* ContentView.swift */; };
		71C22B1A27CE815700B26E55 /* Assets.xcassets in Resources */ = {isa = PBXBuildFile; fileRef = 71C22B0827CE815700B26E55 /* Assets.xcassets */; };
		71C22B1B27CE815700B26E55 /* Assets.xcassets in Resources */ = {isa = PBXBuildFile; fileRef = 71C22B0827CE815700B26E55 /* Assets.xcassets */; };
		71C22B2527CE8A1300B26E55 /* MainViewModel.swift in Sources */ = {isa = PBXBuildFile; fileRef = 71C22B2427CE8A1300B26E55 /* MainViewModel.swift */; };
		71C22B2627CE8A1300B26E55 /* MainViewModel.swift in Sources */ = {isa = PBXBuildFile; fileRef = 71C22B2427CE8A1300B26E55 /* MainViewModel.swift */; };
		71C22B2927CE8C6500B26E55 /* RxSolana in Frameworks */ = {isa = PBXBuildFile; productRef = 71C22B2827CE8C6500B26E55 /* RxSolana */; };
		71C22B2B27CE8C6500B26E55 /* Solana in Frameworks */ = {isa = PBXBuildFile; productRef = 71C22B2A27CE8C6500B26E55 /* Solana */; };
		E825DB2913CB27EC24D7F12C /* Pods_sense_ios__macOS_.framework in Frameworks */ = {isa = PBXBuildFile; fileRef = 2AF4A07C89F8A82D6C2FABB5 /* Pods_sense_ios__macOS_.framework */; };
/* End PBXBuildFile section */

/* Begin PBXFileReference section */
		25021DC69071D3B985B9A00F /* Pods-sense-ios (iOS).debug.xcconfig */ = {isa = PBXFileReference; includeInIndex = 1; lastKnownFileType = text.xcconfig; name = "Pods-sense-ios (iOS).debug.xcconfig"; path = "Target Support Files/Pods-sense-ios (iOS)/Pods-sense-ios (iOS).debug.xcconfig"; sourceTree = "<group>"; };
		2AF4A07C89F8A82D6C2FABB5 /* Pods_sense_ios__macOS_.framework */ = {isa = PBXFileReference; explicitFileType = wrapper.framework; includeInIndex = 0; path = Pods_sense_ios__macOS_.framework; sourceTree = BUILT_PRODUCTS_DIR; };
		3EE9604D7810BF9D324486CB /* Pods_sense_ios__iOS_.framework */ = {isa = PBXFileReference; explicitFileType = wrapper.framework; includeInIndex = 0; path = Pods_sense_ios__iOS_.framework; sourceTree = BUILT_PRODUCTS_DIR; };
		6410275291F6CDEDAB094405 /* Pods-sense-ios (macOS).release.xcconfig */ = {isa = PBXFileReference; includeInIndex = 1; lastKnownFileType = text.xcconfig; name = "Pods-sense-ios (macOS).release.xcconfig"; path = "Target Support Files/Pods-sense-ios (macOS)/Pods-sense-ios (macOS).release.xcconfig"; sourceTree = "<group>"; };
		6428639AE8A0DFC1048DEC0F /* Pods-sense-ios (iOS).release.xcconfig */ = {isa = PBXFileReference; includeInIndex = 1; lastKnownFileType = text.xcconfig; name = "Pods-sense-ios (iOS).release.xcconfig"; path = "Target Support Files/Pods-sense-ios (iOS)/Pods-sense-ios (iOS).release.xcconfig"; sourceTree = "<group>"; };
		71C22B0627CE815600B26E55 /* sense_iosApp.swift */ = {isa = PBXFileReference; lastKnownFileType = sourcecode.swift; path = sense_iosApp.swift; sourceTree = "<group>"; };
		71C22B0727CE815600B26E55 /* ContentView.swift */ = {isa = PBXFileReference; lastKnownFileType = sourcecode.swift; path = ContentView.swift; sourceTree = "<group>"; };
		71C22B0827CE815700B26E55 /* Assets.xcassets */ = {isa = PBXFileReference; lastKnownFileType = folder.assetcatalog; path = Assets.xcassets; sourceTree = "<group>"; };
		71C22B0D27CE815700B26E55 /* sense-ios.app */ = {isa = PBXFileReference; explicitFileType = wrapper.application; includeInIndex = 0; path = "sense-ios.app"; sourceTree = BUILT_PRODUCTS_DIR; };
		71C22B1327CE815700B26E55 /* sense-ios.app */ = {isa = PBXFileReference; explicitFileType = wrapper.application; includeInIndex = 0; path = "sense-ios.app"; sourceTree = BUILT_PRODUCTS_DIR; };
		71C22B1527CE815700B26E55 /* macOS.entitlements */ = {isa = PBXFileReference; lastKnownFileType = text.plist.entitlements; path = macOS.entitlements; sourceTree = "<group>"; };
		71C22B2427CE8A1300B26E55 /* MainViewModel.swift */ = {isa = PBXFileReference; lastKnownFileType = sourcecode.swift; path = MainViewModel.swift; sourceTree = "<group>"; };
		D1F9070539F5E118FB91E76A /* Pods-sense-ios (macOS).debug.xcconfig */ = {isa = PBXFileReference; includeInIndex = 1; lastKnownFileType = text.xcconfig; name = "Pods-sense-ios (macOS).debug.xcconfig"; path = "Target Support Files/Pods-sense-ios (macOS)/Pods-sense-ios (macOS).debug.xcconfig"; sourceTree = "<group>"; };
/* End PBXFileReference section */

/* Begin PBXFrameworksBuildPhase section */
		71C22B0A27CE815700B26E55 /* Frameworks */ = {
			isa = PBXFrameworksBuildPhase;
			buildActionMask = 2147483647;
			files = (
				71C22B2B27CE8C6500B26E55 /* Solana in Frameworks */,
				71C22B2927CE8C6500B26E55 /* RxSolana in Frameworks */,
				0B0AF3D135214EE6465C99BF /* Pods_sense_ios__iOS_.framework in Frameworks */,
			);
			runOnlyForDeploymentPostprocessing = 0;
		};
		71C22B1027CE815700B26E55 /* Frameworks */ = {
			isa = PBXFrameworksBuildPhase;
			buildActionMask = 2147483647;
			files = (
				E825DB2913CB27EC24D7F12C /* Pods_sense_ios__macOS_.framework in Frameworks */,
			);
			runOnlyForDeploymentPostprocessing = 0;
		};
/* End PBXFrameworksBuildPhase section */

/* Begin PBXGroup section */
		71C22B0027CE815600B26E55 = {
			isa = PBXGroup;
			children = (
				71C22B0527CE815600B26E55 /* Shared */,
				71C22B1427CE815700B26E55 /* macOS */,
				71C22B0E27CE815700B26E55 /* Products */,
				7D309208EE5C61FC12C22B71 /* Frameworks */,
				7B6E88AE680D61B51E2E512C /* Pods */,
			);
			sourceTree = "<group>";
		};
		71C22B0527CE815600B26E55 /* Shared */ = {
			isa = PBXGroup;
			children = (
				71C22B0627CE815600B26E55 /* sense_iosApp.swift */,
				71C22B0727CE815600B26E55 /* ContentView.swift */,
				71C22B2427CE8A1300B26E55 /* MainViewModel.swift */,
				71C22B0827CE815700B26E55 /* Assets.xcassets */,
			);
			path = Shared;
			sourceTree = "<group>";
		};
		71C22B0E27CE815700B26E55 /* Products */ = {
			isa = PBXGroup;
			children = (
				71C22B0D27CE815700B26E55 /* sense-ios.app */,
				71C22B1327CE815700B26E55 /* sense-ios.app */,
			);
			name = Products;
			sourceTree = "<group>";
		};
		71C22B1427CE815700B26E55 /* macOS */ = {
			isa = PBXGroup;
			children = (
				71C22B1527CE815700B26E55 /* macOS.entitlements */,
			);
			path = macOS;
			sourceTree = "<group>";
		};
		7B6E88AE680D61B51E2E512C /* Pods */ = {
			isa = PBXGroup;
			children = (
				25021DC69071D3B985B9A00F /* Pods-sense-ios (iOS).debug.xcconfig */,
				6428639AE8A0DFC1048DEC0F /* Pods-sense-ios (iOS).release.xcconfig */,
				D1F9070539F5E118FB91E76A /* Pods-sense-ios (macOS).debug.xcconfig */,
				6410275291F6CDEDAB094405 /* Pods-sense-ios (macOS).release.xcconfig */,
			);
			name = Pods;
			path = Pods;
			sourceTree = "<group>";
		};
		7D309208EE5C61FC12C22B71 /* Frameworks */ = {
			isa = PBXGroup;
			children = (
				3EE9604D7810BF9D324486CB /* Pods_sense_ios__iOS_.framework */,
				2AF4A07C89F8A82D6C2FABB5 /* Pods_sense_ios__macOS_.framework */,
			);
			name = Frameworks;
			sourceTree = "<group>";
		};
/* End PBXGroup section */

/* Begin PBXNativeTarget section */
		71C22B0C27CE815700B26E55 /* sense-ios (iOS) */ = {
			isa = PBXNativeTarget;
			buildConfigurationList = 71C22B1E27CE815700B26E55 /* Build configuration list for PBXNativeTarget "sense-ios (iOS)" */;
			buildPhases = (
				17CFB6FF418802D52DE4696F /* [CP] Check Pods Manifest.lock */,
				71C22B0927CE815700B26E55 /* Sources */,
				71C22B0A27CE815700B26E55 /* Frameworks */,
				71C22B0B27CE815700B26E55 /* Resources */,
				F26E12D14809A86EB2CC3F1C /* [CP] Embed Pods Frameworks */,
			);
			buildRules = (
			);
			dependencies = (
			);
			name = "sense-ios (iOS)";
			packageProductDependencies = (
				71C22B2827CE8C6500B26E55 /* RxSolana */,
				71C22B2A27CE8C6500B26E55 /* Solana */,
			);
			productName = "sense-ios (iOS)";
			productReference = 71C22B0D27CE815700B26E55 /* sense-ios.app */;
			productType = "com.apple.product-type.application";
		};
		71C22B1227CE815700B26E55 /* sense-ios (macOS) */ = {
			isa = PBXNativeTarget;
			buildConfigurationList = 71C22B2127CE815700B26E55 /* Build configuration list for PBXNativeTarget "sense-ios (macOS)" */;
			buildPhases = (
				48DA39CD29640B2B63CE4685 /* [CP] Check Pods Manifest.lock */,
				71C22B0F27CE815700B26E55 /* Sources */,
				71C22B1027CE815700B26E55 /* Frameworks */,
				71C22B1127CE815700B26E55 /* Resources */,
			);
			buildRules = (
			);
			dependencies = (
			);
			name = "sense-ios (macOS)";
			productName = "sense-ios (macOS)";
			productReference = 71C22B1327CE815700B26E55 /* sense-ios.app */;
			productType = "com.apple.product-type.application";
		};
/* End PBXNativeTarget section */

/* Begin PBXProject section */
		71C22B0127CE815600B26E55 /* Project object */ = {
			isa = PBXProject;
			attributes = {
				BuildIndependentTargetsInParallel = 1;
				LastSwiftUpdateCheck = 1320;
				LastUpgradeCheck = 1320;
				TargetAttributes = {
					71C22B0C27CE815700B26E55 = {
						CreatedOnToolsVersion = 13.2.1;
					};
					71C22B1227CE815700B26E55 = {
						CreatedOnToolsVersion = 13.2.1;
					};
				};
			};
			buildConfigurationList = 71C22B0427CE815600B26E55 /* Build configuration list for PBXProject "sense-ios" */;
			compatibilityVersion = "Xcode 13.0";
			developmentRegion = en;
			hasScannedForEncodings = 0;
			knownRegions = (
				en,
				Base,
			);
			mainGroup = 71C22B0027CE815600B26E55;
			packageReferences = (
				71C22B2727CE8C6500B26E55 /* XCRemoteSwiftPackageReference "Solana.Swift" */,
			);
			productRefGroup = 71C22B0E27CE815700B26E55 /* Products */;
			projectDirPath = "";
			projectRoot = "";
			targets = (
				71C22B0C27CE815700B26E55 /* sense-ios (iOS) */,
				71C22B1227CE815700B26E55 /* sense-ios (macOS) */,
			);
		};
/* End PBXProject section */

/* Begin PBXResourcesBuildPhase section */
		71C22B0B27CE815700B26E55 /* Resources */ = {
			isa = PBXResourcesBuildPhase;
			buildActionMask = 2147483647;
			files = (
				71C22B1A27CE815700B26E55 /* Assets.xcassets in Resources */,
			);
			runOnlyForDeploymentPostprocessing = 0;
		};
		71C22B1127CE815700B26E55 /* Resources */ = {
			isa = PBXResourcesBuildPhase;
			buildActionMask = 2147483647;
			files = (
				71C22B1B27CE815700B26E55 /* Assets.xcassets in Resources */,
			);
			runOnlyForDeploymentPostprocessing = 0;
		};
/* End PBXResourcesBuildPhase section */

/* Begin PBXShellScriptBuildPhase section */
		17CFB6FF418802D52DE4696F /* [CP] Check Pods Manifest.lock */ = {
			isa = PBXShellScriptBuildPhase;
			buildActionMask = 2147483647;
			files = (
			);
			inputFileListPaths = (
			);
			inputPaths = (
				"${PODS_PODFILE_DIR_PATH}/Podfile.lock",
				"${PODS_ROOT}/Manifest.lock",
			);
			name = "[CP] Check Pods Manifest.lock";
			outputFileListPaths = (
			);
			outputPaths = (
				"$(DERIVED_FILE_DIR)/Pods-sense-ios (iOS)-checkManifestLockResult.txt",
			);
			runOnlyForDeploymentPostprocessing = 0;
			shellPath = /bin/sh;
			shellScript = "diff \"${PODS_PODFILE_DIR_PATH}/Podfile.lock\" \"${PODS_ROOT}/Manifest.lock\" > /dev/null\nif [ $? != 0 ] ; then\n    # print error to STDERR\n    echo \"error: The sandbox is not in sync with the Podfile.lock. Run 'pod install' or update your CocoaPods installation.\" >&2\n    exit 1\nfi\n# This output is used by Xcode 'outputs' to avoid re-running this script phase.\necho \"SUCCESS\" > \"${SCRIPT_OUTPUT_FILE_0}\"\n";
			showEnvVarsInLog = 0;
		};
		48DA39CD29640B2B63CE4685 /* [CP] Check Pods Manifest.lock */ = {
			isa = PBXShellScriptBuildPhase;
			buildActionMask = 2147483647;
			files = (
			);
			inputFileListPaths = (
			);
			inputPaths = (
				"${PODS_PODFILE_DIR_PATH}/Podfile.lock",
				"${PODS_ROOT}/Manifest.lock",
			);
			name = "[CP] Check Pods Manifest.lock";
			outputFileListPaths = (
			);
			outputPaths = (
				"$(DERIVED_FILE_DIR)/Pods-sense-ios (macOS)-checkManifestLockResult.txt",
			);
			runOnlyForDeploymentPostprocessing = 0;
			shellPath = /bin/sh;
			shellScript = "diff \"${PODS_PODFILE_DIR_PATH}/Podfile.lock\" \"${PODS_ROOT}/Manifest.lock\" > /dev/null\nif [ $? != 0 ] ; then\n    # print error to STDERR\n    echo \"error: The sandbox is not in sync with the Podfile.lock. Run 'pod install' or update your CocoaPods installation.\" >&2\n    exit 1\nfi\n# This output is used by Xcode 'outputs' to avoid re-running this script phase.\necho \"SUCCESS\" > \"${SCRIPT_OUTPUT_FILE_0}\"\n";
			showEnvVarsInLog = 0;
		};
		F26E12D14809A86EB2CC3F1C /* [CP] Embed Pods Frameworks */ = {
			isa = PBXShellScriptBuildPhase;
			buildActionMask = 2147483647;
			files = (
			);
			inputFileListPaths = (
				"${PODS_ROOT}/Target Support Files/Pods-sense-ios (iOS)/Pods-sense-ios (iOS)-frameworks-${CONFIGURATION}-input-files.xcfilelist",
			);
			name = "[CP] Embed Pods Frameworks";
			outputFileListPaths = (
				"${PODS_ROOT}/Target Support Files/Pods-sense-ios (iOS)/Pods-sense-ios (iOS)-frameworks-${CONFIGURATION}-output-files.xcfilelist",
			);
			runOnlyForDeploymentPostprocessing = 0;
			shellPath = /bin/sh;
			shellScript = "\"${PODS_ROOT}/Target Support Files/Pods-sense-ios (iOS)/Pods-sense-ios (iOS)-frameworks.sh\"\n";
			showEnvVarsInLog = 0;
		};
/* End PBXShellScriptBuildPhase section */

/* Begin PBXSourcesBuildPhase section */
		71C22B0927CE815700B26E55 /* Sources */ = {
			isa = PBXSourcesBuildPhase;
			buildActionMask = 2147483647;
			files = (
				71C22B1827CE815700B26E55 /* ContentView.swift in Sources */,
				71C22B1627CE815700B26E55 /* sense_iosApp.swift in Sources */,
				71C22B2527CE8A1300B26E55 /* MainViewModel.swift in Sources */,
			);
			runOnlyForDeploymentPostprocessing = 0;
		};
		71C22B0F27CE815700B26E55 /* Sources */ = {
			isa = PBXSourcesBuildPhase;
			buildActionMask = 2147483647;
			files = (
				71C22B1927CE815700B26E55 /* ContentView.swift in Sources */,
				71C22B1727CE815700B26E55 /* sense_iosApp.swift in Sources */,
				71C22B2627CE8A1300B26E55 /* MainViewModel.swift in Sources */,
			);
			runOnlyForDeploymentPostprocessing = 0;
		};
/* End PBXSourcesBuildPhase section */

/* Begin XCBuildConfiguration section */
		71C22B1C27CE815700B26E55 /* Debug */ = {
			isa = XCBuildConfiguration;
			buildSettings = {
				ALWAYS_SEARCH_USER_PATHS = NO;
				CLANG_ANALYZER_NONNULL = YES;
				CLANG_ANALYZER_NUMBER_OBJECT_CONVERSION = YES_AGGRESSIVE;
				CLANG_CXX_LANGUAGE_STANDARD = "gnu++17";
				CLANG_CXX_LIBRARY = "libc++";
				CLANG_ENABLE_MODULES = YES;
				CLANG_ENABLE_OBJC_ARC = YES;
				CLANG_ENABLE_OBJC_WEAK = YES;
				CLANG_WARN_BLOCK_CAPTURE_AUTORELEASING = YES;
				CLANG_WARN_BOOL_CONVERSION = YES;
				CLANG_WARN_COMMA = YES;
				CLANG_WARN_CONSTANT_CONVERSION = YES;
				CLANG_WARN_DEPRECATED_OBJC_IMPLEMENTATIONS = YES;
				CLANG_WARN_DIRECT_OBJC_ISA_USAGE = YES_ERROR;
				CLANG_WARN_DOCUMENTATION_COMMENTS = YES;
				CLANG_WARN_EMPTY_BODY = YES;
				CLANG_WARN_ENUM_CONVERSION = YES;
				CLANG_WARN_INFINITE_RECURSION = YES;
				CLANG_WARN_INT_CONVERSION = YES;
				CLANG_WARN_NON_LITERAL_NULL_CONVERSION = YES;
				CLANG_WARN_OBJC_IMPLICIT_RETAIN_SELF = YES;
				CLANG_WARN_OBJC_LITERAL_CONVERSION = YES;
				CLANG_WARN_OBJC_ROOT_CLASS = YES_ERROR;
				CLANG_WARN_QUOTED_INCLUDE_IN_FRAMEWORK_HEADER = YES;
				CLANG_WARN_RANGE_LOOP_ANALYSIS = YES;
				CLANG_WARN_STRICT_PROTOTYPES = YES;
				CLANG_WARN_SUSPICIOUS_MOVE = YES;
				CLANG_WARN_UNGUARDED_AVAILABILITY = YES_AGGRESSIVE;
				CLANG_WARN_UNREACHABLE_CODE = YES;
				CLANG_WARN__DUPLICATE_METHOD_MATCH = YES;
				COPY_PHASE_STRIP = NO;
				DEBUG_INFORMATION_FORMAT = dwarf;
				ENABLE_STRICT_OBJC_MSGSEND = YES;
				ENABLE_TESTABILITY = YES;
				GCC_C_LANGUAGE_STANDARD = gnu11;
				GCC_DYNAMIC_NO_PIC = NO;
				GCC_NO_COMMON_BLOCKS = YES;
				GCC_OPTIMIZATION_LEVEL = 0;
				GCC_PREPROCESSOR_DEFINITIONS = (
					"DEBUG=1",
					"$(inherited)",
				);
				GCC_WARN_64_TO_32_BIT_CONVERSION = YES;
				GCC_WARN_ABOUT_RETURN_TYPE = YES_ERROR;
				GCC_WARN_UNDECLARED_SELECTOR = YES;
				GCC_WARN_UNINITIALIZED_AUTOS = YES_AGGRESSIVE;
				GCC_WARN_UNUSED_FUNCTION = YES;
				GCC_WARN_UNUSED_VARIABLE = YES;
				MTL_ENABLE_DEBUG_INFO = INCLUDE_SOURCE;
				MTL_FAST_MATH = YES;
				ONLY_ACTIVE_ARCH = YES;
				SWIFT_ACTIVE_COMPILATION_CONDITIONS = DEBUG;
				SWIFT_OPTIMIZATION_LEVEL = "-Onone";
			};
			name = Debug;
		};
		71C22B1D27CE815700B26E55 /* Release */ = {
			isa = XCBuildConfiguration;
			buildSettings = {
				ALWAYS_SEARCH_USER_PATHS = NO;
				CLANG_ANALYZER_NONNULL = YES;
				CLANG_ANALYZER_NUMBER_OBJECT_CONVERSION = YES_AGGRESSIVE;
				CLANG_CXX_LANGUAGE_STANDARD = "gnu++17";
				CLANG_CXX_LIBRARY = "libc++";
				CLANG_ENABLE_MODULES = YES;
				CLANG_ENABLE_OBJC_ARC = YES;
				CLANG_ENABLE_OBJC_WEAK = YES;
				CLANG_WARN_BLOCK_CAPTURE_AUTORELEASING = YES;
				CLANG_WARN_BOOL_CONVERSION = YES;
				CLANG_WARN_COMMA = YES;
				CLANG_WARN_CONSTANT_CONVERSION = YES;
				CLANG_WARN_DEPRECATED_OBJC_IMPLEMENTATIONS = YES;
				CLANG_WARN_DIRECT_OBJC_ISA_USAGE = YES_ERROR;
				CLANG_WARN_DOCUMENTATION_COMMENTS = YES;
				CLANG_WARN_EMPTY_BODY = YES;
				CLANG_WARN_ENUM_CONVERSION = YES;
				CLANG_WARN_INFINITE_RECURSION = YES;
				CLANG_WARN_INT_CONVERSION = YES;
				CLANG_WARN_NON_LITERAL_NULL_CONVERSION = YES;
				CLANG_WARN_OBJC_IMPLICIT_RETAIN_SELF = YES;
				CLANG_WARN_OBJC_LITERAL_CONVERSION = YES;
				CLANG_WARN_OBJC_ROOT_CLASS = YES_ERROR;
				CLANG_WARN_QUOTED_INCLUDE_IN_FRAMEWORK_HEADER = YES;
				CLANG_WARN_RANGE_LOOP_ANALYSIS = YES;
				CLANG_WARN_STRICT_PROTOTYPES = YES;
				CLANG_WARN_SUSPICIOUS_MOVE = YES;
				CLANG_WARN_UNGUARDED_AVAILABILITY = YES_AGGRESSIVE;
				CLANG_WARN_UNREACHABLE_CODE = YES;
				CLANG_WARN__DUPLICATE_METHOD_MATCH = YES;
				COPY_PHASE_STRIP = NO;
				DEBUG_INFORMATION_FORMAT = "dwarf-with-dsym";
				ENABLE_NS_ASSERTIONS = NO;
				ENABLE_STRICT_OBJC_MSGSEND = YES;
				GCC_C_LANGUAGE_STANDARD = gnu11;
				GCC_NO_COMMON_BLOCKS = YES;
				GCC_WARN_64_TO_32_BIT_CONVERSION = YES;
				GCC_WARN_ABOUT_RETURN_TYPE = YES_ERROR;
				GCC_WARN_UNDECLARED_SELECTOR = YES;
				GCC_WARN_UNINITIALIZED_AUTOS = YES_AGGRESSIVE;
				GCC_WARN_UNUSED_FUNCTION = YES;
				GCC_WARN_UNUSED_VARIABLE = YES;
				MTL_ENABLE_DEBUG_INFO = NO;
				MTL_FAST_MATH = YES;
				SWIFT_COMPILATION_MODE = wholemodule;
				SWIFT_OPTIMIZATION_LEVEL = "-O";
			};
			name = Release;
		};
		71C22B1F27CE815700B26E55 /* Debug */ = {
			isa = XCBuildConfiguration;
			baseConfigurationReference = 25021DC69071D3B985B9A00F /* Pods-sense-ios (iOS).debug.xcconfig */;
			buildSettings = {
				ASSETCATALOG_COMPILER_APPICON_NAME = AppIcon;
				ASSETCATALOG_COMPILER_GLOBAL_ACCENT_COLOR_NAME = AccentColor;
				CODE_SIGN_STYLE = Automatic;
				CURRENT_PROJECT_VERSION = 1;
				DEVELOPMENT_TEAM = 4VF4FEXU8X;
				ENABLE_PREVIEWS = YES;
				GENERATE_INFOPLIST_FILE = YES;
				INFOPLIST_KEY_UIApplicationSceneManifest_Generation = YES;
				INFOPLIST_KEY_UIApplicationSupportsIndirectInputEvents = YES;
				INFOPLIST_KEY_UILaunchScreen_Generation = YES;
				INFOPLIST_KEY_UISupportedInterfaceOrientations_iPad = "UIInterfaceOrientationPortrait UIInterfaceOrientationPortraitUpsideDown UIInterfaceOrientationLandscapeLeft UIInterfaceOrientationLandscapeRight";
				INFOPLIST_KEY_UISupportedInterfaceOrientations_iPhone = "UIInterfaceOrientationPortrait UIInterfaceOrientationLandscapeLeft UIInterfaceOrientationLandscapeRight";
				IPHONEOS_DEPLOYMENT_TARGET = 15.2;
				LD_RUNPATH_SEARCH_PATHS = (
					"$(inherited)",
					"@executable_path/Frameworks",
				);
				MARKETING_VERSION = 1.0;
				PRODUCT_BUNDLE_IDENTIFIER = "com.michalsimik.sense-ios";
				PRODUCT_NAME = "sense-ios";
				SDKROOT = iphoneos;
				SWIFT_EMIT_LOC_STRINGS = YES;
				SWIFT_VERSION = 5.0;
				TARGETED_DEVICE_FAMILY = "1,2";
			};
			name = Debug;
		};
		71C22B2027CE815700B26E55 /* Release */ = {
			isa = XCBuildConfiguration;
			baseConfigurationReference = 6428639AE8A0DFC1048DEC0F /* Pods-sense-ios (iOS).release.xcconfig */;
			buildSettings = {
				ASSETCATALOG_COMPILER_APPICON_NAME = AppIcon;
				ASSETCATALOG_COMPILER_GLOBAL_ACCENT_COLOR_NAME = AccentColor;
				CODE_SIGN_STYLE = Automatic;
				CURRENT_PROJECT_VERSION = 1;
				DEVELOPMENT_TEAM = 4VF4FEXU8X;
				ENABLE_PREVIEWS = YES;
				GENERATE_INFOPLIST_FILE = YES;
				INFOPLIST_KEY_UIApplicationSceneManifest_Generation = YES;
				INFOPLIST_KEY_UIApplicationSupportsIndirectInputEvents = YES;
				INFOPLIST_KEY_UILaunchScreen_Generation = YES;
				INFOPLIST_KEY_UISupportedInterfaceOrientations_iPad = "UIInterfaceOrientationPortrait UIInterfaceOrientationPortraitUpsideDown UIInterfaceOrientationLandscapeLeft UIInterfaceOrientationLandscapeRight";
				INFOPLIST_KEY_UISupportedInterfaceOrientations_iPhone = "UIInterfaceOrientationPortrait UIInterfaceOrientationLandscapeLeft UIInterfaceOrientationLandscapeRight";
				IPHONEOS_DEPLOYMENT_TARGET = 15.2;
				LD_RUNPATH_SEARCH_PATHS = (
					"$(inherited)",
					"@executable_path/Frameworks",
				);
				MARKETING_VERSION = 1.0;
				PRODUCT_BUNDLE_IDENTIFIER = "com.michalsimik.sense-ios";
				PRODUCT_NAME = "sense-ios";
				SDKROOT = iphoneos;
				SWIFT_EMIT_LOC_STRINGS = YES;
				SWIFT_VERSION = 5.0;
				TARGETED_DEVICE_FAMILY = "1,2";
				VALIDATE_PRODUCT = YES;
			};
			name = Release;
		};
		71C22B2227CE815700B26E55 /* Debug */ = {
			isa = XCBuildConfiguration;
			baseConfigurationReference = D1F9070539F5E118FB91E76A /* Pods-sense-ios (macOS).debug.xcconfig */;
			buildSettings = {
				ASSETCATALOG_COMPILER_APPICON_NAME = AppIcon;
				ASSETCATALOG_COMPILER_GLOBAL_ACCENT_COLOR_NAME = AccentColor;
				CODE_SIGN_ENTITLEMENTS = macOS/macOS.entitlements;
				CODE_SIGN_STYLE = Automatic;
				COMBINE_HIDPI_IMAGES = YES;
				CURRENT_PROJECT_VERSION = 1;
				DEVELOPMENT_TEAM = 4VF4FEXU8X;
				ENABLE_HARDENED_RUNTIME = YES;
				ENABLE_PREVIEWS = YES;
				GENERATE_INFOPLIST_FILE = YES;
				INFOPLIST_KEY_NSHumanReadableCopyright = "";
				LD_RUNPATH_SEARCH_PATHS = (
					"$(inherited)",
					"@executable_path/../Frameworks",
				);
				MACOSX_DEPLOYMENT_TARGET = 12.1;
				MARKETING_VERSION = 1.0;
				PRODUCT_BUNDLE_IDENTIFIER = "com.michalsimik.sense-ios";
				PRODUCT_NAME = "sense-ios";
				SDKROOT = macosx;
				SWIFT_EMIT_LOC_STRINGS = YES;
				SWIFT_VERSION = 5.0;
			};
			name = Debug;
		};
		71C22B2327CE815700B26E55 /* Release */ = {
			isa = XCBuildConfiguration;
			baseConfigurationReference = 6410275291F6CDEDAB094405 /* Pods-sense-ios (macOS).release.xcconfig */;
			buildSettings = {
				ASSETCATALOG_COMPILER_APPICON_NAME = AppIcon;
				ASSETCATALOG_COMPILER_GLOBAL_ACCENT_COLOR_NAME = AccentColor;
				CODE_SIGN_ENTITLEMENTS = macOS/macOS.entitlements;
				CODE_SIGN_STYLE = Automatic;
				COMBINE_HIDPI_IMAGES = YES;
				CURRENT_PROJECT_VERSION = 1;
				DEVELOPMENT_TEAM = 4VF4FEXU8X;
				ENABLE_HARDENED_RUNTIME = YES;
				ENABLE_PREVIEWS = YES;
				GENERATE_INFOPLIST_FILE = YES;
				INFOPLIST_KEY_NSHumanReadableCopyright = "";
				LD_RUNPATH_SEARCH_PATHS = (
					"$(inherited)",
					"@executable_path/../Frameworks",
				);
				MACOSX_DEPLOYMENT_TARGET = 12.1;
				MARKETING_VERSION = 1.0;
				PRODUCT_BUNDLE_IDENTIFIER = "com.michalsimik.sense-ios";
				PRODUCT_NAME = "sense-ios";
				SDKROOT = macosx;
				SWIFT_EMIT_LOC_STRINGS = YES;
				SWIFT_VERSION = 5.0;
			};
			name = Release;
		};
/* End XCBuildConfiguration section */

/* Begin XCConfigurationList section */
		71C22B0427CE815600B26E55 /* Build configuration list for PBXProject "sense-ios" */ = {
			isa = XCConfigurationList;
			buildConfigurations = (
				71C22B1C27CE815700B26E55 /* Debug */,
				71C22B1D27CE815700B26E55 /* Release */,
			);
			defaultConfigurationIsVisible = 0;
			defaultConfigurationName = Release;
		};
		71C22B1E27CE815700B26E55 /* Build configuration list for PBXNativeTarget "sense-ios (iOS)" */ = {
			isa = XCConfigurationList;
			buildConfigurations = (
				71C22B1F27CE815700B26E55 /* Debug */,
				71C22B2027CE815700B26E55 /* Release */,
			);
			defaultConfigurationIsVisible = 0;
			defaultConfigurationName = Release;
		};
		71C22B2127CE815700B26E55 /* Build configuration list for PBXNativeTarget "sense-ios (macOS)" */ = {
			isa = XCConfigurationList;
			buildConfigurations = (
				71C22B2227CE815700B26E55 /* Debug */,
				71C22B2327CE815700B26E55 /* Release */,
			);
			defaultConfigurationIsVisible = 0;
			defaultConfigurationName = Release;
		};
/* End XCConfigurationList section */

/* Begin XCRemoteSwiftPackageReference section */
		71C22B2727CE8C6500B26E55 /* XCRemoteSwiftPackageReference "Solana.Swift" */ = {
			isa = XCRemoteSwiftPackageReference;
			repositoryURL = "https://github.com/ajamaica/Solana.Swift";
			requirement = {
				kind = upToNextMajorVersion;
				minimumVersion = 1.0.0;
			};
		};
/* End XCRemoteSwiftPackageReference section */

/* Begin XCSwiftPackageProductDependency section */
		71C22B2827CE8C6500B26E55 /* RxSolana */ = {
			isa = XCSwiftPackageProductDependency;
			package = 71C22B2727CE8C6500B26E55 /* XCRemoteSwiftPackageReference "Solana.Swift" */;
			productName = RxSolana;
		};
		71C22B2A27CE8C6500B26E55 /* Solana */ = {
			isa = XCSwiftPackageProductDependency;
			package = 71C22B2727CE8C6500B26E55 /* XCRemoteSwiftPackageReference "Solana.Swift" */;
			productName = Solana;
		};
/* End XCSwiftPackageProductDependency section */
	};
	rootObject = 71C22B0127CE815600B26E55 /* Project object */;
}
